
Microsoft Visual Studio Solution File, Format Version 12.00
# Visual Studio 2012
Project("{FAE04EC0-301F-11D3-BF4B-00C04F79EFBC}") = "Lib", "Lib\Lib.csproj", "{B10658D3-2776-45DC-958B-3AC7BEB2D41E}"
EndProject
Project("{FAE04EC0-301F-11D3-BF4B-00C04F79EFBC}") = "GuiConsole", "GuiConsole\GuiConsole.csproj", "{AEBE0ACD-ACF0-4E59-BCB5-623760C5A014}"
EndProject
Global
	GlobalSection(SolutionConfigurationPlatforms) = preSolution
		Debug|Any CPU = Debug|Any CPU
		Release|Any CPU = Release|Any CPU
	EndGlobalSection
	GlobalSection(ProjectConfigurationPlatforms) = postSolution
		{B10658D3-2776-45DC-958B-3AC7BEB2D41E}.Debug|Any CPU.ActiveCfg = Debug|Any CPU
		{B10658D3-2776-45DC-958B-3AC7BEB2D41E}.Debug|Any CPU.Build.0 = Debug|Any CPU
		{B10658D3-2776-45DC-958B-3AC7BEB2D41E}.Release|Any CPU.ActiveCfg = Release|Any CPU
		{B10658D3-2776-45DC-958B-3AC7BEB2D41E}.Release|Any CPU.Build.0 = Release|Any CPU
		{AEBE0ACD-ACF0-4E59-BCB5-623760C5A014}.Debug|Any CPU.ActiveCfg = Debug|Any CPU
		{AEBE0ACD-ACF0-4E59-BCB5-623760C5A014}.Debug|Any CPU.Build.0 = Debug|Any CPU
		{AEBE0ACD-ACF0-4E59-BCB5-623760C5A014}.Release|Any CPU.ActiveCfg = Release|Any CPU
		{AEBE0ACD-ACF0-4E59-BCB5-623760C5A014}.Release|Any CPU.Build.0 = Release|Any CPU
	EndGlobalSection
	GlobalSection(SolutionProperties) = preSolution
		HideSolutionNode = FALSE
	EndGlobalSection
EndGlobal
